
Microsoft Visual Studio Solution File, Format Version 12.00
# Visual Studio Version 16
VisualStudioVersion = 16.0.29503.13
MinimumVisualStudioVersion = 10.0.40219.1
Project("{FAE04EC0-301F-11D3-BF4B-00C04F79EFBC}") = "Activity_S_R", "Activity_S_R\Activity_S_R.csproj", "{5E037AE0-CB7F-4A92-946F-479C7C3B962B}"
EndProject
Global
	GlobalSection(SolutionConfigurationPlatforms) = preSolution
		Debug|Any CPU = Debug|Any CPU
		Release|Any CPU = Release|Any CPU
	EndGlobalSection
	GlobalSection(ProjectConfigurationPlatforms) = postSolution
		{5E037AE0-CB7F-4A92-946F-479C7C3B962B}.Debug|Any CPU.ActiveCfg = Debug|Any CPU
		{5E037AE0-CB7F-4A92-946F-479C7C3B962B}.Debug|Any CPU.Build.0 = Debug|Any CPU
		{5E037AE0-CB7F-4A92-946F-479C7C3B962B}.Release|Any CPU.ActiveCfg = Release|Any CPU
		{5E037AE0-CB7F-4A92-946F-479C7C3B962B}.Release|Any CPU.Build.0 = Release|Any CPU
	EndGlobalSection
	GlobalSection(SolutionProperties) = preSolution
		HideSolutionNode = FALSE
	EndGlobalSection
	GlobalSection(ExtensibilityGlobals) = postSolution
		SolutionGuid = {59238FDF-A421-44DB-A7ED-DA276935FB22}
	EndGlobalSection
EndGlobal
